
Microsoft Visual Studio Solution File, Format Version 12.00
# Visual Studio Version 16
VisualStudioVersion = 16.0.33529.622
MinimumVisualStudioVersion = 10.0.40219.1
Project("{8BC9CEB8-8B4A-11D0-8D11-00A0C91BC942}") = "GStreamer_MFC_Server", "GStreamer_MFC_Server.vcxproj", "{ECF4121E-37A5-40F4-BE43-1DC13E5FFBFF}"
EndProject
Global
	GlobalSection(SolutionConfigurationPlatforms) = preSolution
		Debug|x64 = Debug|x64
		Debug|x86 = Debug|x86
		Release|x64 = Release|x64
		Release|x86 = Release|x86
	EndGlobalSection
	GlobalSection(ProjectConfigurationPlatforms) = postSolution
		{ECF4121E-37A5-40F4-BE43-1DC13E5FFBFF}.Debug|x64.ActiveCfg = Debug|x64
		{ECF4121E-37A5-40F4-BE43-1DC13E5FFBFF}.Debug|x64.Build.0 = Debug|x64
		{ECF4121E-37A5-40F4-BE43-1DC13E5FFBFF}.Debug|x86.ActiveCfg = Debug|Win32
		{ECF4121E-37A5-40F4-BE43-1DC13E5FFBFF}.Debug|x86.Build.0 = Debug|Win32
		{ECF4121E-37A5-40F4-BE43-1DC13E5FFBFF}.Release|x64.ActiveCfg = Release|x64
		{ECF4121E-37A5-40F4-BE43-1DC13E5FFBFF}.Release|x64.Build.0 = Release|x64
		{ECF4121E-37A5-40F4-BE43-1DC13E5FFBFF}.Release|x86.ActiveCfg = Release|Win32
		{ECF4121E-37A5-40F4-BE43-1DC13E5FFBFF}.Release|x86.Build.0 = Release|Win32
	EndGlobalSection
	GlobalSection(SolutionProperties) = preSolution
		HideSolutionNode = FALSE
	EndGlobalSection
	GlobalSection(ExtensibilityGlobals) = postSolution
		SolutionGuid = {AED03499-FA21-4A81-949B-9D3C407E7389}
	EndGlobalSection
EndGlobal
